// !$*UTF8*$!
{
	archiveVersion = 1;
	classes = {
	};
	objectVersion = 46;
	objects = {

/* Begin PBXBuildFile section */
		07592B201F5E84E900986944 /* AppDelegate.swift in Sources */ = {isa = PBXBuildFile; fileRef = 07592B1F1F5E84E900986944 /* AppDelegate.swift */; };
		07592B251F5E84E900986944 /* Main.storyboard in Resources */ = {isa = PBXBuildFile; fileRef = 07592B231F5E84E900986944 /* Main.storyboard */; };
		07592B271F5E84E900986944 /* Assets.xcassets in Resources */ = {isa = PBXBuildFile; fileRef = 07592B261F5E84E900986944 /* Assets.xcassets */; };
		07592B2A1F5E84E900986944 /* LaunchScreen.storyboard in Resources */ = {isa = PBXBuildFile; fileRef = 07592B281F5E84E900986944 /* LaunchScreen.storyboard */; };
		07592B351F5E84E900986944 /* CanYou3Tests.swift in Sources */ = {isa = PBXBuildFile; fileRef = 07592B341F5E84E900986944 /* CanYou3Tests.swift */; };
		07592B401F5E84E900986944 /* CanYou3UITests.swift in Sources */ = {isa = PBXBuildFile; fileRef = 07592B3F1F5E84E900986944 /* CanYou3UITests.swift */; };
		076A59FC1F66ABBC00BCB8F9 /* UIViewExtension.swift in Sources */ = {isa = PBXBuildFile; fileRef = 076A59FB1F66ABBC00BCB8F9 /* UIViewExtension.swift */; };
		076A59FE1F66AC6A00BCB8F9 /* CanYouAnimationViewController.swift in Sources */ = {isa = PBXBuildFile; fileRef = 076A59FD1F66AC6A00BCB8F9 /* CanYouAnimationViewController.swift */; };
		076A5A011F66B34000BCB8F9 /* Dashboard.storyboard in Resources */ = {isa = PBXBuildFile; fileRef = 076A5A001F66B34000BCB8F9 /* Dashboard.storyboard */; };
		076A5A031F66B55900BCB8F9 /* DashboardViewController.swift in Sources */ = {isa = PBXBuildFile; fileRef = 076A5A021F66B55900BCB8F9 /* DashboardViewController.swift */; };
		076A5A061F66B66F00BCB8F9 /* StoryboardName.swift in Sources */ = {isa = PBXBuildFile; fileRef = 076A5A051F66B66F00BCB8F9 /* StoryboardName.swift */; };
		076A5A091F66B79900BCB8F9 /* BaseViewController.swift in Sources */ = {isa = PBXBuildFile; fileRef = 076A5A081F66B79900BCB8F9 /* BaseViewController.swift */; };
		076A5A0B1F66B9FB00BCB8F9 /* BaseBackgroundViewController.swift in Sources */ = {isa = PBXBuildFile; fileRef = 076A5A0A1F66B9FB00BCB8F9 /* BaseBackgroundViewController.swift */; };
		076A5A121F66C1FB00BCB8F9 /* CanYou3.xcdatamodeld in Sources */ = {isa = PBXBuildFile; fileRef = 076A5A101F66C1FB00BCB8F9 /* CanYou3.xcdatamodeld */; };
		5B82F9E7A22FF4336FF51B62 /* Pods_CanYou3Tests.framework in Frameworks */ = {isa = PBXBuildFile; fileRef = 2D4856FA79EFDFDADAF56E67 /* Pods_CanYou3Tests.framework */; };
		63337752F685A69C9FCB955E /* Pods_CanYou3.framework in Frameworks */ = {isa = PBXBuildFile; fileRef = FC70830416A71511370FDF73 /* Pods_CanYou3.framework */; };
		A8B4CA1C9BEFEE355AD77B94 /* Pods_CanYou3UITests.framework in Frameworks */ = {isa = PBXBuildFile; fileRef = 3F66DE76832DE524001E5A8B /* Pods_CanYou3UITests.framework */; };
/* End PBXBuildFile section */

/* Begin PBXContainerItemProxy section */
		07592B311F5E84E900986944 /* PBXContainerItemProxy */ = {
			isa = PBXContainerItemProxy;
			containerPortal = 07592B141F5E84E900986944 /* Project object */;
			proxyType = 1;
			remoteGlobalIDString = 07592B1B1F5E84E900986944;
			remoteInfo = CanYou3;
		};
		07592B3C1F5E84E900986944 /* PBXContainerItemProxy */ = {
			isa = PBXContainerItemProxy;
			containerPortal = 07592B141F5E84E900986944 /* Project object */;
			proxyType = 1;
			remoteGlobalIDString = 07592B1B1F5E84E900986944;
			remoteInfo = CanYou3;
		};
/* End PBXContainerItemProxy section */

/* Begin PBXFileReference section */
		03E2778CE698BFEA55364A7B /* Pods-CanYou3.debug.xcconfig */ = {isa = PBXFileReference; includeInIndex = 1; lastKnownFileType = text.xcconfig; name = "Pods-CanYou3.debug.xcconfig"; path = "Pods/Target Support Files/Pods-CanYou3/Pods-CanYou3.debug.xcconfig"; sourceTree = "<group>"; };
		07592B1C1F5E84E900986944 /* CanYou3.app */ = {isa = PBXFileReference; explicitFileType = wrapper.application; includeInIndex = 0; path = CanYou3.app; sourceTree = BUILT_PRODUCTS_DIR; };
		07592B1F1F5E84E900986944 /* AppDelegate.swift */ = {isa = PBXFileReference; lastKnownFileType = sourcecode.swift; path = AppDelegate.swift; sourceTree = "<group>"; };
		07592B241F5E84E900986944 /* Base */ = {isa = PBXFileReference; lastKnownFileType = file.storyboard; name = Base; path = Base.lproj/Main.storyboard; sourceTree = "<group>"; };
		07592B261F5E84E900986944 /* Assets.xcassets */ = {isa = PBXFileReference; lastKnownFileType = folder.assetcatalog; path = Assets.xcassets; sourceTree = "<group>"; };
		07592B291F5E84E900986944 /* Base */ = {isa = PBXFileReference; lastKnownFileType = file.storyboard; name = Base; path = Base.lproj/LaunchScreen.storyboard; sourceTree = "<group>"; };
		07592B2B1F5E84E900986944 /* Info.plist */ = {isa = PBXFileReference; lastKnownFileType = text.plist.xml; path = Info.plist; sourceTree = "<group>"; };
		07592B301F5E84E900986944 /* CanYou3Tests.xctest */ = {isa = PBXFileReference; explicitFileType = wrapper.cfbundle; includeInIndex = 0; path = CanYou3Tests.xctest; sourceTree = BUILT_PRODUCTS_DIR; };
		07592B341F5E84E900986944 /* CanYou3Tests.swift */ = {isa = PBXFileReference; lastKnownFileType = sourcecode.swift; path = CanYou3Tests.swift; sourceTree = "<group>"; };
		07592B361F5E84E900986944 /* Info.plist */ = {isa = PBXFileReference; lastKnownFileType = text.plist.xml; path = Info.plist; sourceTree = "<group>"; };
		07592B3B1F5E84E900986944 /* CanYou3UITests.xctest */ = {isa = PBXFileReference; explicitFileType = wrapper.cfbundle; includeInIndex = 0; path = CanYou3UITests.xctest; sourceTree = BUILT_PRODUCTS_DIR; };
		07592B3F1F5E84E900986944 /* CanYou3UITests.swift */ = {isa = PBXFileReference; lastKnownFileType = sourcecode.swift; path = CanYou3UITests.swift; sourceTree = "<group>"; };
		07592B411F5E84E900986944 /* Info.plist */ = {isa = PBXFileReference; lastKnownFileType = text.plist.xml; path = Info.plist; sourceTree = "<group>"; };
		076A59FB1F66ABBC00BCB8F9 /* UIViewExtension.swift */ = {isa = PBXFileReference; fileEncoding = 4; lastKnownFileType = sourcecode.swift; path = UIViewExtension.swift; sourceTree = "<group>"; };
		076A59FD1F66AC6A00BCB8F9 /* CanYouAnimationViewController.swift */ = {isa = PBXFileReference; fileEncoding = 4; lastKnownFileType = sourcecode.swift; path = CanYouAnimationViewController.swift; sourceTree = "<group>"; };
		076A5A001F66B34000BCB8F9 /* Dashboard.storyboard */ = {isa = PBXFileReference; fileEncoding = 4; lastKnownFileType = file.storyboard; path = Dashboard.storyboard; sourceTree = "<group>"; };
		076A5A021F66B55900BCB8F9 /* DashboardViewController.swift */ = {isa = PBXFileReference; fileEncoding = 4; lastKnownFileType = sourcecode.swift; path = DashboardViewController.swift; sourceTree = "<group>"; };
		076A5A051F66B66F00BCB8F9 /* StoryboardName.swift */ = {isa = PBXFileReference; fileEncoding = 4; lastKnownFileType = sourcecode.swift; path = StoryboardName.swift; sourceTree = "<group>"; };
		076A5A081F66B79900BCB8F9 /* BaseViewController.swift */ = {isa = PBXFileReference; fileEncoding = 4; lastKnownFileType = sourcecode.swift; path = BaseViewController.swift; sourceTree = "<group>"; };
		076A5A0A1F66B9FB00BCB8F9 /* BaseBackgroundViewController.swift */ = {isa = PBXFileReference; fileEncoding = 4; lastKnownFileType = sourcecode.swift; path = BaseBackgroundViewController.swift; sourceTree = "<group>"; };
		076A5A111F66C1FB00BCB8F9 /* CanYou3.xcdatamodel */ = {isa = PBXFileReference; lastKnownFileType = wrapper.xcdatamodel; path = CanYou3.xcdatamodel; sourceTree = "<group>"; };
		07AD25EC08D8512FF8B598B5 /* Pods-CanYou3.release.xcconfig */ = {isa = PBXFileReference; includeInIndex = 1; lastKnownFileType = text.xcconfig; name = "Pods-CanYou3.release.xcconfig"; path = "Pods/Target Support Files/Pods-CanYou3/Pods-CanYou3.release.xcconfig"; sourceTree = "<group>"; };
		07FBC6D75670EBE269409A2D /* Pods-CanYou3Tests.debug.xcconfig */ = {isa = PBXFileReference; includeInIndex = 1; lastKnownFileType = text.xcconfig; name = "Pods-CanYou3Tests.debug.xcconfig"; path = "Pods/Target Support Files/Pods-CanYou3Tests/Pods-CanYou3Tests.debug.xcconfig"; sourceTree = "<group>"; };
		29BDFCA2FA63E0BBCAEAFD54 /* Pods-CanYou3Tests.release.xcconfig */ = {isa = PBXFileReference; includeInIndex = 1; lastKnownFileType = text.xcconfig; name = "Pods-CanYou3Tests.release.xcconfig"; path = "Pods/Target Support Files/Pods-CanYou3Tests/Pods-CanYou3Tests.release.xcconfig"; sourceTree = "<group>"; };
		2D4856FA79EFDFDADAF56E67 /* Pods_CanYou3Tests.framework */ = {isa = PBXFileReference; explicitFileType = wrapper.framework; includeInIndex = 0; path = Pods_CanYou3Tests.framework; sourceTree = BUILT_PRODUCTS_DIR; };
		3E625675BEC52D33EFD7F15C /* Pods-CanYou3UITests.debug.xcconfig */ = {isa = PBXFileReference; includeInIndex = 1; lastKnownFileType = text.xcconfig; name = "Pods-CanYou3UITests.debug.xcconfig"; path = "Pods/Target Support Files/Pods-CanYou3UITests/Pods-CanYou3UITests.debug.xcconfig"; sourceTree = "<group>"; };
		3F66DE76832DE524001E5A8B /* Pods_CanYou3UITests.framework */ = {isa = PBXFileReference; explicitFileType = wrapper.framework; includeInIndex = 0; path = Pods_CanYou3UITests.framework; sourceTree = BUILT_PRODUCTS_DIR; };
		96DC1D240AE41596372C41FF /* Pods-CanYou3UITests.release.xcconfig */ = {isa = PBXFileReference; includeInIndex = 1; lastKnownFileType = text.xcconfig; name = "Pods-CanYou3UITests.release.xcconfig"; path = "Pods/Target Support Files/Pods-CanYou3UITests/Pods-CanYou3UITests.release.xcconfig"; sourceTree = "<group>"; };
		FC70830416A71511370FDF73 /* Pods_CanYou3.framework */ = {isa = PBXFileReference; explicitFileType = wrapper.framework; includeInIndex = 0; path = Pods_CanYou3.framework; sourceTree = BUILT_PRODUCTS_DIR; };
/* End PBXFileReference section */

/* Begin PBXFrameworksBuildPhase section */
		07592B191F5E84E900986944 /* Frameworks */ = {
			isa = PBXFrameworksBuildPhase;
			buildActionMask = 2147483647;
			files = (
				63337752F685A69C9FCB955E /* Pods_CanYou3.framework in Frameworks */,
			);
			runOnlyForDeploymentPostprocessing = 0;
		};
		07592B2D1F5E84E900986944 /* Frameworks */ = {
			isa = PBXFrameworksBuildPhase;
			buildActionMask = 2147483647;
			files = (
				5B82F9E7A22FF4336FF51B62 /* Pods_CanYou3Tests.framework in Frameworks */,
			);
			runOnlyForDeploymentPostprocessing = 0;
		};
		07592B381F5E84E900986944 /* Frameworks */ = {
			isa = PBXFrameworksBuildPhase;
			buildActionMask = 2147483647;
			files = (
				A8B4CA1C9BEFEE355AD77B94 /* Pods_CanYou3UITests.framework in Frameworks */,
			);
			runOnlyForDeploymentPostprocessing = 0;
		};
/* End PBXFrameworksBuildPhase section */

/* Begin PBXGroup section */
		07592B131F5E84E900986944 = {
			isa = PBXGroup;
			children = (
				07592B1E1F5E84E900986944 /* CanYou3 */,
				07592B331F5E84E900986944 /* CanYou3Tests */,
				07592B3E1F5E84E900986944 /* CanYou3UITests */,
				07592B1D1F5E84E900986944 /* Products */,
				14341A162D0E2C956DB170B4 /* Pods */,
				5CCF876FBEEBCB0F393839E9 /* Frameworks */,
			);
			sourceTree = "<group>";
		};
		07592B1D1F5E84E900986944 /* Products */ = {
			isa = PBXGroup;
			children = (
				07592B1C1F5E84E900986944 /* CanYou3.app */,
				07592B301F5E84E900986944 /* CanYou3Tests.xctest */,
				07592B3B1F5E84E900986944 /* CanYou3UITests.xctest */,
			);
			name = Products;
			sourceTree = "<group>";
		};
		07592B1E1F5E84E900986944 /* CanYou3 */ = {
			isa = PBXGroup;
			children = (
				076A59FB1F66ABBC00BCB8F9 /* UIViewExtension.swift */,
				076A5A131F66C20800BCB8F9 /* Model */,
				07592B501F5E85C600986944 /* Delegates */,
				076A5A0C1F66BA6E00BCB8F9 /* Base */,
				076A5A071F66B67E00BCB8F9 /* Configurations */,
				076A5A041F66B56400BCB8F9 /* Dashboard */,
				076A59FF1F66ACA100BCB8F9 /* Main */,
				07592B281F5E84E900986944 /* LaunchScreen.storyboard */,
				07592B4E1F5E85B900986944 /* Resources */,
				07592B4F1F5E85BF00986944 /* Supporting Files */,
			);
			path = CanYou3;
			sourceTree = "<group>";
		};
		07592B331F5E84E900986944 /* CanYou3Tests */ = {
			isa = PBXGroup;
			children = (
				07592B341F5E84E900986944 /* CanYou3Tests.swift */,
				07592B361F5E84E900986944 /* Info.plist */,
			);
			path = CanYou3Tests;
			sourceTree = "<group>";
		};
		07592B3E1F5E84E900986944 /* CanYou3UITests */ = {
			isa = PBXGroup;
			children = (
				07592B3F1F5E84E900986944 /* CanYou3UITests.swift */,
				07592B411F5E84E900986944 /* Info.plist */,
			);
			path = CanYou3UITests;
			sourceTree = "<group>";
		};
		07592B4E1F5E85B900986944 /* Resources */ = {
			isa = PBXGroup;
			children = (
				07592B261F5E84E900986944 /* Assets.xcassets */,
			);
			name = Resources;
			sourceTree = "<group>";
		};
		07592B4F1F5E85BF00986944 /* Supporting Files */ = {
			isa = PBXGroup;
			children = (
				07592B2B1F5E84E900986944 /* Info.plist */,
			);
			name = "Supporting Files";
			sourceTree = "<group>";
		};
		07592B501F5E85C600986944 /* Delegates */ = {
			isa = PBXGroup;
			children = (
				07592B1F1F5E84E900986944 /* AppDelegate.swift */,
			);
			name = Delegates;
			sourceTree = "<group>";
		};
		076A59FF1F66ACA100BCB8F9 /* Main */ = {
			isa = PBXGroup;
			children = (
				076A59FD1F66AC6A00BCB8F9 /* CanYouAnimationViewController.swift */,
				07592B231F5E84E900986944 /* Main.storyboard */,
			);
			name = Main;
			sourceTree = "<group>";
		};
		076A5A041F66B56400BCB8F9 /* Dashboard */ = {
			isa = PBXGroup;
			children = (
				076A5A001F66B34000BCB8F9 /* Dashboard.storyboard */,
				076A5A021F66B55900BCB8F9 /* DashboardViewController.swift */,
			);
			name = Dashboard;
			sourceTree = "<group>";
		};
		076A5A071F66B67E00BCB8F9 /* Configurations */ = {
			isa = PBXGroup;
			children = (
				076A5A051F66B66F00BCB8F9 /* StoryboardName.swift */,
			);
			name = Configurations;
			sourceTree = "<group>";
		};
		076A5A0C1F66BA6E00BCB8F9 /* Base */ = {
			isa = PBXGroup;
			children = (
				076A5A081F66B79900BCB8F9 /* BaseViewController.swift */,
				076A5A0A1F66B9FB00BCB8F9 /* BaseBackgroundViewController.swift */,
			);
			name = Base;
			sourceTree = "<group>";
		};
		076A5A131F66C20800BCB8F9 /* Model */ = {
			isa = PBXGroup;
			children = (
				076A5A101F66C1FB00BCB8F9 /* CanYou3.xcdatamodeld */,
			);
			name = Model;
			sourceTree = "<group>";
		};
		14341A162D0E2C956DB170B4 /* Pods */ = {
			isa = PBXGroup;
			children = (
				03E2778CE698BFEA55364A7B /* Pods-CanYou3.debug.xcconfig */,
				07AD25EC08D8512FF8B598B5 /* Pods-CanYou3.release.xcconfig */,
				07FBC6D75670EBE269409A2D /* Pods-CanYou3Tests.debug.xcconfig */,
				29BDFCA2FA63E0BBCAEAFD54 /* Pods-CanYou3Tests.release.xcconfig */,
				3E625675BEC52D33EFD7F15C /* Pods-CanYou3UITests.debug.xcconfig */,
				96DC1D240AE41596372C41FF /* Pods-CanYou3UITests.release.xcconfig */,
			);
			name = Pods;
			sourceTree = "<group>";
		};
		5CCF876FBEEBCB0F393839E9 /* Frameworks */ = {
			isa = PBXGroup;
			children = (
				FC70830416A71511370FDF73 /* Pods_CanYou3.framework */,
				2D4856FA79EFDFDADAF56E67 /* Pods_CanYou3Tests.framework */,
				3F66DE76832DE524001E5A8B /* Pods_CanYou3UITests.framework */,
			);
			name = Frameworks;
			sourceTree = "<group>";
		};
/* End PBXGroup section */

/* Begin PBXNativeTarget section */
		07592B1B1F5E84E900986944 /* CanYou3 */ = {
			isa = PBXNativeTarget;
			buildConfigurationList = 07592B441F5E84E900986944 /* Build configuration list for PBXNativeTarget "CanYou3" */;
			buildPhases = (
				713A1DBA53299988FA1778DE /* [CP] Check Pods Manifest.lock */,
				07592B181F5E84E900986944 /* Sources */,
				07592B191F5E84E900986944 /* Frameworks */,
				07592B1A1F5E84E900986944 /* Resources */,
				CFC2B2357C8092D7E75E4A56 /* [CP] Embed Pods Frameworks */,
				6863C6B1EA457B51D77EE197 /* [CP] Copy Pods Resources */,
			);
			buildRules = (
			);
			dependencies = (
			);
			name = CanYou3;
			productName = CanYou3;
			productReference = 07592B1C1F5E84E900986944 /* CanYou3.app */;
			productType = "com.apple.product-type.application";
		};
		07592B2F1F5E84E900986944 /* CanYou3Tests */ = {
			isa = PBXNativeTarget;
			buildConfigurationList = 07592B471F5E84E900986944 /* Build configuration list for PBXNativeTarget "CanYou3Tests" */;
			buildPhases = (
				D6B64045190855A40D584EB7 /* [CP] Check Pods Manifest.lock */,
				07592B2C1F5E84E900986944 /* Sources */,
				07592B2D1F5E84E900986944 /* Frameworks */,
				07592B2E1F5E84E900986944 /* Resources */,
				976E08C0C2AA6504902DA82E /* [CP] Embed Pods Frameworks */,
				C3DD018966EEE35CA7D464AF /* [CP] Copy Pods Resources */,
			);
			buildRules = (
			);
			dependencies = (
				07592B321F5E84E900986944 /* PBXTargetDependency */,
			);
			name = CanYou3Tests;
			productName = CanYou3Tests;
			productReference = 07592B301F5E84E900986944 /* CanYou3Tests.xctest */;
			productType = "com.apple.product-type.bundle.unit-test";
		};
		07592B3A1F5E84E900986944 /* CanYou3UITests */ = {
			isa = PBXNativeTarget;
			buildConfigurationList = 07592B4A1F5E84E900986944 /* Build configuration list for PBXNativeTarget "CanYou3UITests" */;
			buildPhases = (
				33D94A8E7A84E201E88EE9E6 /* [CP] Check Pods Manifest.lock */,
				07592B371F5E84E900986944 /* Sources */,
				07592B381F5E84E900986944 /* Frameworks */,
				07592B391F5E84E900986944 /* Resources */,
				A8A6D229C613AA959AFEC383 /* [CP] Embed Pods Frameworks */,
				56F145737BEED9FD9289DA1B /* [CP] Copy Pods Resources */,
			);
			buildRules = (
			);
			dependencies = (
				07592B3D1F5E84E900986944 /* PBXTargetDependency */,
			);
			name = CanYou3UITests;
			productName = CanYou3UITests;
			productReference = 07592B3B1F5E84E900986944 /* CanYou3UITests.xctest */;
			productType = "com.apple.product-type.bundle.ui-testing";
		};
/* End PBXNativeTarget section */

/* Begin PBXProject section */
		07592B141F5E84E900986944 /* Project object */ = {
			isa = PBXProject;
			attributes = {
				LastSwiftUpdateCheck = 0830;
				LastUpgradeCheck = 0830;
				ORGANIZATIONNAME = Eric.Park;
				TargetAttributes = {
					07592B1B1F5E84E900986944 = {
						CreatedOnToolsVersion = 8.3.3;
						DevelopmentTeam = RD94QKXJBK;
						ProvisioningStyle = Automatic;
					};
					07592B2F1F5E84E900986944 = {
						CreatedOnToolsVersion = 8.3.3;
						DevelopmentTeam = RD94QKXJBK;
						ProvisioningStyle = Automatic;
						TestTargetID = 07592B1B1F5E84E900986944;
					};
					07592B3A1F5E84E900986944 = {
						CreatedOnToolsVersion = 8.3.3;
						DevelopmentTeam = RD94QKXJBK;
						ProvisioningStyle = Automatic;
						TestTargetID = 07592B1B1F5E84E900986944;
					};
				};
			};
			buildConfigurationList = 07592B171F5E84E900986944 /* Build configuration list for PBXProject "CanYou3" */;
			compatibilityVersion = "Xcode 3.2";
			developmentRegion = English;
			hasScannedForEncodings = 0;
			knownRegions = (
				en,
				Base,
			);
			mainGroup = 07592B131F5E84E900986944;
			productRefGroup = 07592B1D1F5E84E900986944 /* Products */;
			projectDirPath = "";
			projectRoot = "";
			targets = (
				07592B1B1F5E84E900986944 /* CanYou3 */,
				07592B2F1F5E84E900986944 /* CanYou3Tests */,
				07592B3A1F5E84E900986944 /* CanYou3UITests */,
			);
		};
/* End PBXProject section */

/* Begin PBXResourcesBuildPhase section */
		07592B1A1F5E84E900986944 /* Resources */ = {
			isa = PBXResourcesBuildPhase;
			buildActionMask = 2147483647;
			files = (
				07592B2A1F5E84E900986944 /* LaunchScreen.storyboard in Resources */,
				07592B271F5E84E900986944 /* Assets.xcassets in Resources */,
				07592B251F5E84E900986944 /* Main.storyboard in Resources */,
				076A5A011F66B34000BCB8F9 /* Dashboard.storyboard in Resources */,
			);
			runOnlyForDeploymentPostprocessing = 0;
		};
		07592B2E1F5E84E900986944 /* Resources */ = {
			isa = PBXResourcesBuildPhase;
			buildActionMask = 2147483647;
			files = (
			);
			runOnlyForDeploymentPostprocessing = 0;
		};
		07592B391F5E84E900986944 /* Resources */ = {
			isa = PBXResourcesBuildPhase;
			buildActionMask = 2147483647;
			files = (
			);
			runOnlyForDeploymentPostprocessing = 0;
		};
/* End PBXResourcesBuildPhase section */

/* Begin PBXShellScriptBuildPhase section */
		33D94A8E7A84E201E88EE9E6 /* [CP] Check Pods Manifest.lock */ = {
			isa = PBXShellScriptBuildPhase;
			buildActionMask = 2147483647;
			files = (
			);
			inputPaths = (
				"${PODS_PODFILE_DIR_PATH}/Podfile.lock",
				"${PODS_ROOT}/Manifest.lock",
			);
			name = "[CP] Check Pods Manifest.lock";
			outputPaths = (
				"$(DERIVED_FILE_DIR)/Pods-CanYou3UITests-checkManifestLockResult.txt",
			);
			runOnlyForDeploymentPostprocessing = 0;
			shellPath = /bin/sh;
			shellScript = "diff \"${PODS_PODFILE_DIR_PATH}/Podfile.lock\" \"${PODS_ROOT}/Manifest.lock\" > /dev/null\nif [ $? != 0 ] ; then\n    # print error to STDERR\n    echo \"error: The sandbox is not in sync with the Podfile.lock. Run 'pod install' or update your CocoaPods installation.\" >&2\n    exit 1\nfi\n# This output is used by Xcode 'outputs' to avoid re-running this script phase.\necho \"SUCCESS\" > \"${SCRIPT_OUTPUT_FILE_0}\"\n";
			showEnvVarsInLog = 0;
		};
		56F145737BEED9FD9289DA1B /* [CP] Copy Pods Resources */ = {
			isa = PBXShellScriptBuildPhase;
			buildActionMask = 2147483647;
			files = (
			);
			inputPaths = (
			);
			name = "[CP] Copy Pods Resources";
			outputPaths = (
			);
			runOnlyForDeploymentPostprocessing = 0;
			shellPath = /bin/sh;
			shellScript = "\"${SRCROOT}/Pods/Target Support Files/Pods-CanYou3UITests/Pods-CanYou3UITests-resources.sh\"\n";
			showEnvVarsInLog = 0;
		};
		6863C6B1EA457B51D77EE197 /* [CP] Copy Pods Resources */ = {
			isa = PBXShellScriptBuildPhase;
			buildActionMask = 2147483647;
			files = (
			);
			inputPaths = (
			);
			name = "[CP] Copy Pods Resources";
			outputPaths = (
			);
			runOnlyForDeploymentPostprocessing = 0;
			shellPath = /bin/sh;
			shellScript = "\"${SRCROOT}/Pods/Target Support Files/Pods-CanYou3/Pods-CanYou3-resources.sh\"\n";
			showEnvVarsInLog = 0;
		};
		713A1DBA53299988FA1778DE /* [CP] Check Pods Manifest.lock */ = {
			isa = PBXShellScriptBuildPhase;
			buildActionMask = 2147483647;
			files = (
			);
			inputPaths = (
				"${PODS_PODFILE_DIR_PATH}/Podfile.lock",
				"${PODS_ROOT}/Manifest.lock",
			);
			name = "[CP] Check Pods Manifest.lock";
			outputPaths = (
				"$(DERIVED_FILE_DIR)/Pods-CanYou3-checkManifestLockResult.txt",
			);
			runOnlyForDeploymentPostprocessing = 0;
			shellPath = /bin/sh;
			shellScript = "diff \"${PODS_PODFILE_DIR_PATH}/Podfile.lock\" \"${PODS_ROOT}/Manifest.lock\" > /dev/null\nif [ $? != 0 ] ; then\n    # print error to STDERR\n    echo \"error: The sandbox is not in sync with the Podfile.lock. Run 'pod install' or update your CocoaPods installation.\" >&2\n    exit 1\nfi\n# This output is used by Xcode 'outputs' to avoid re-running this script phase.\necho \"SUCCESS\" > \"${SCRIPT_OUTPUT_FILE_0}\"\n";
			showEnvVarsInLog = 0;
		};
		976E08C0C2AA6504902DA82E /* [CP] Embed Pods Frameworks */ = {
			isa = PBXShellScriptBuildPhase;
			buildActionMask = 2147483647;
			files = (
			);
			inputPaths = (
			);
			name = "[CP] Embed Pods Frameworks";
			outputPaths = (
			);
			runOnlyForDeploymentPostprocessing = 0;
			shellPath = /bin/sh;
			shellScript = "\"${SRCROOT}/Pods/Target Support Files/Pods-CanYou3Tests/Pods-CanYou3Tests-frameworks.sh\"\n";
			showEnvVarsInLog = 0;
		};
		A8A6D229C613AA959AFEC383 /* [CP] Embed Pods Frameworks */ = {
			isa = PBXShellScriptBuildPhase;
			buildActionMask = 2147483647;
			files = (
			);
			inputPaths = (
			);
			name = "[CP] Embed Pods Frameworks";
			outputPaths = (
			);
			runOnlyForDeploymentPostprocessing = 0;
			shellPath = /bin/sh;
			shellScript = "\"${SRCROOT}/Pods/Target Support Files/Pods-CanYou3UITests/Pods-CanYou3UITests-frameworks.sh\"\n";
			showEnvVarsInLog = 0;
		};
		C3DD018966EEE35CA7D464AF /* [CP] Copy Pods Resources */ = {
			isa = PBXShellScriptBuildPhase;
			buildActionMask = 2147483647;
			files = (
			);
			inputPaths = (
			);
			name = "[CP] Copy Pods Resources";
			outputPaths = (
			);
			runOnlyForDeploymentPostprocessing = 0;
			shellPath = /bin/sh;
			shellScript = "\"${SRCROOT}/Pods/Target Support Files/Pods-CanYou3Tests/Pods-CanYou3Tests-resources.sh\"\n";
			showEnvVarsInLog = 0;
		};
		CFC2B2357C8092D7E75E4A56 /* [CP] Embed Pods Frameworks */ = {
			isa = PBXShellScriptBuildPhase;
			buildActionMask = 2147483647;
			files = (
			);
			inputPaths = (
				"${SRCROOT}/Pods/Target Support Files/Pods-CanYou3/Pods-CanYou3-frameworks.sh",
				"${BUILT_PRODUCTS_DIR}/Hero/Hero.framework",
				"${BUILT_PRODUCTS_DIR}/Then/Then.framework",
			);
			name = "[CP] Embed Pods Frameworks";
			outputPaths = (
				"${TARGET_BUILD_DIR}/${FRAMEWORKS_FOLDER_PATH}/Hero.framework",
				"${TARGET_BUILD_DIR}/${FRAMEWORKS_FOLDER_PATH}/Then.framework",
			);
			runOnlyForDeploymentPostprocessing = 0;
			shellPath = /bin/sh;
			shellScript = "\"${SRCROOT}/Pods/Target Support Files/Pods-CanYou3/Pods-CanYou3-frameworks.sh\"\n";
			showEnvVarsInLog = 0;
		};
		D6B64045190855A40D584EB7 /* [CP] Check Pods Manifest.lock */ = {
			isa = PBXShellScriptBuildPhase;
			buildActionMask = 2147483647;
			files = (
			);
			inputPaths = (
				"${PODS_PODFILE_DIR_PATH}/Podfile.lock",
				"${PODS_ROOT}/Manifest.lock",
			);
			name = "[CP] Check Pods Manifest.lock";
			outputPaths = (
				"$(DERIVED_FILE_DIR)/Pods-CanYou3Tests-checkManifestLockResult.txt",
			);
			runOnlyForDeploymentPostprocessing = 0;
			shellPath = /bin/sh;
			shellScript = "diff \"${PODS_PODFILE_DIR_PATH}/Podfile.lock\" \"${PODS_ROOT}/Manifest.lock\" > /dev/null\nif [ $? != 0 ] ; then\n    # print error to STDERR\n    echo \"error: The sandbox is not in sync with the Podfile.lock. Run 'pod install' or update your CocoaPods installation.\" >&2\n    exit 1\nfi\n# This output is used by Xcode 'outputs' to avoid re-running this script phase.\necho \"SUCCESS\" > \"${SCRIPT_OUTPUT_FILE_0}\"\n";
			showEnvVarsInLog = 0;
		};
/* End PBXShellScriptBuildPhase section */

/* Begin PBXSourcesBuildPhase section */
		07592B181F5E84E900986944 /* Sources */ = {
			isa = PBXSourcesBuildPhase;
			buildActionMask = 2147483647;
			files = (
				076A59FC1F66ABBC00BCB8F9 /* UIViewExtension.swift in Sources */,
				076A5A0B1F66B9FB00BCB8F9 /* BaseBackgroundViewController.swift in Sources */,
				076A5A031F66B55900BCB8F9 /* DashboardViewController.swift in Sources */,
				076A5A061F66B66F00BCB8F9 /* StoryboardName.swift in Sources */,
				07592B201F5E84E900986944 /* AppDelegate.swift in Sources */,
				076A5A091F66B79900BCB8F9 /* BaseViewController.swift in Sources */,
				076A5A121F66C1FB00BCB8F9 /* CanYou3.xcdatamodeld in Sources */,
				076A59FE1F66AC6A00BCB8F9 /* CanYouAnimationViewController.swift in Sources */,
			);
			runOnlyForDeploymentPostprocessing = 0;
		};
		07592B2C1F5E84E900986944 /* Sources */ = {
			isa = PBXSourcesBuildPhase;
			buildActionMask = 2147483647;
			files = (
				07592B351F5E84E900986944 /* CanYou3Tests.swift in Sources */,
			);
			runOnlyForDeploymentPostprocessing = 0;
		};
		07592B371F5E84E900986944 /* Sources */ = {
			isa = PBXSourcesBuildPhase;
			buildActionMask = 2147483647;
			files = (
				07592B401F5E84E900986944 /* CanYou3UITests.swift in Sources */,
			);
			runOnlyForDeploymentPostprocessing = 0;
		};
/* End PBXSourcesBuildPhase section */

/* Begin PBXTargetDependency section */
		07592B321F5E84E900986944 /* PBXTargetDependency */ = {
			isa = PBXTargetDependency;
			target = 07592B1B1F5E84E900986944 /* CanYou3 */;
			targetProxy = 07592B311F5E84E900986944 /* PBXContainerItemProxy */;
		};
		07592B3D1F5E84E900986944 /* PBXTargetDependency */ = {
			isa = PBXTargetDependency;
			target = 07592B1B1F5E84E900986944 /* CanYou3 */;
			targetProxy = 07592B3C1F5E84E900986944 /* PBXContainerItemProxy */;
		};
/* End PBXTargetDependency section */

/* Begin PBXVariantGroup section */
		07592B231F5E84E900986944 /* Main.storyboard */ = {
			isa = PBXVariantGroup;
			children = (
				07592B241F5E84E900986944 /* Base */,
			);
			name = Main.storyboard;
			sourceTree = "<group>";
		};
		07592B281F5E84E900986944 /* LaunchScreen.storyboard */ = {
			isa = PBXVariantGroup;
			children = (
				07592B291F5E84E900986944 /* Base */,
			);
			name = LaunchScreen.storyboard;
			sourceTree = "<group>";
		};
/* End PBXVariantGroup section */

/* Begin XCBuildConfiguration section */
		07592B421F5E84E900986944 /* Debug */ = {
			isa = XCBuildConfiguration;
			buildSettings = {
				ALWAYS_SEARCH_USER_PATHS = NO;
				CLANG_ANALYZER_NONNULL = YES;
				CLANG_ANALYZER_NUMBER_OBJECT_CONVERSION = YES_AGGRESSIVE;
				CLANG_CXX_LANGUAGE_STANDARD = "gnu++0x";
				CLANG_CXX_LIBRARY = "libc++";
				CLANG_ENABLE_MODULES = YES;
				CLANG_ENABLE_OBJC_ARC = YES;
				CLANG_WARN_BOOL_CONVERSION = YES;
				CLANG_WARN_CONSTANT_CONVERSION = YES;
				CLANG_WARN_DIRECT_OBJC_ISA_USAGE = YES_ERROR;
				CLANG_WARN_DOCUMENTATION_COMMENTS = YES;
				CLANG_WARN_EMPTY_BODY = YES;
				CLANG_WARN_ENUM_CONVERSION = YES;
				CLANG_WARN_INFINITE_RECURSION = YES;
				CLANG_WARN_INT_CONVERSION = YES;
				CLANG_WARN_OBJC_ROOT_CLASS = YES_ERROR;
				CLANG_WARN_SUSPICIOUS_MOVE = YES;
				CLANG_WARN_UNREACHABLE_CODE = YES;
				CLANG_WARN__DUPLICATE_METHOD_MATCH = YES;
				"CODE_SIGN_IDENTITY[sdk=iphoneos*]" = "iPhone Developer";
				COPY_PHASE_STRIP = NO;
				DEBUG_INFORMATION_FORMAT = dwarf;
				ENABLE_STRICT_OBJC_MSGSEND = YES;
				ENABLE_TESTABILITY = YES;
				GCC_C_LANGUAGE_STANDARD = gnu99;
				GCC_DYNAMIC_NO_PIC = NO;
				GCC_NO_COMMON_BLOCKS = YES;
				GCC_OPTIMIZATION_LEVEL = 0;
				GCC_PREPROCESSOR_DEFINITIONS = (
					"DEBUG=1",
					"$(inherited)",
				);
				GCC_WARN_64_TO_32_BIT_CONVERSION = YES;
				GCC_WARN_ABOUT_RETURN_TYPE = YES_ERROR;
				GCC_WARN_UNDECLARED_SELECTOR = YES;
				GCC_WARN_UNINITIALIZED_AUTOS = YES_AGGRESSIVE;
				GCC_WARN_UNUSED_FUNCTION = YES;
				GCC_WARN_UNUSED_VARIABLE = YES;
				IPHONEOS_DEPLOYMENT_TARGET = 10.3;
				MTL_ENABLE_DEBUG_INFO = YES;
				ONLY_ACTIVE_ARCH = YES;
				SDKROOT = iphoneos;
				SWIFT_ACTIVE_COMPILATION_CONDITIONS = DEBUG;
				SWIFT_OPTIMIZATION_LEVEL = "-Onone";
			};
			name = Debug;
		};
		07592B431F5E84E900986944 /* Release */ = {
			isa = XCBuildConfiguration;
			buildSettings = {
				ALWAYS_SEARCH_USER_PATHS = NO;
				CLANG_ANALYZER_NONNULL = YES;
				CLANG_ANALYZER_NUMBER_OBJECT_CONVERSION = YES_AGGRESSIVE;
				CLANG_CXX_LANGUAGE_STANDARD = "gnu++0x";
				CLANG_CXX_LIBRARY = "libc++";
				CLANG_ENABLE_MODULES = YES;
				CLANG_ENABLE_OBJC_ARC = YES;
				CLANG_WARN_BOOL_CONVERSION = YES;
				CLANG_WARN_CONSTANT_CONVERSION = YES;
				CLANG_WARN_DIRECT_OBJC_ISA_USAGE = YES_ERROR;
				CLANG_WARN_DOCUMENTATION_COMMENTS = YES;
				CLANG_WARN_EMPTY_BODY = YES;
				CLANG_WARN_ENUM_CONVERSION = YES;
				CLANG_WARN_INFINITE_RECURSION = YES;
				CLANG_WARN_INT_CONVERSION = YES;
				CLANG_WARN_OBJC_ROOT_CLASS = YES_ERROR;
				CLANG_WARN_SUSPICIOUS_MOVE = YES;
				CLANG_WARN_UNREACHABLE_CODE = YES;
				CLANG_WARN__DUPLICATE_METHOD_MATCH = YES;
				"CODE_SIGN_IDENTITY[sdk=iphoneos*]" = "iPhone Developer";
				COPY_PHASE_STRIP = NO;
				DEBUG_INFORMATION_FORMAT = "dwarf-with-dsym";
				ENABLE_NS_ASSERTIONS = NO;
				ENABLE_STRICT_OBJC_MSGSEND = YES;
				GCC_C_LANGUAGE_STANDARD = gnu99;
				GCC_NO_COMMON_BLOCKS = YES;
				GCC_WARN_64_TO_32_BIT_CONVERSION = YES;
				GCC_WARN_ABOUT_RETURN_TYPE = YES_ERROR;
				GCC_WARN_UNDECLARED_SELECTOR = YES;
				GCC_WARN_UNINITIALIZED_AUTOS = YES_AGGRESSIVE;
				GCC_WARN_UNUSED_FUNCTION = YES;
				GCC_WARN_UNUSED_VARIABLE = YES;
				IPHONEOS_DEPLOYMENT_TARGET = 10.3;
				MTL_ENABLE_DEBUG_INFO = NO;
				SDKROOT = iphoneos;
				SWIFT_OPTIMIZATION_LEVEL = "-Owholemodule";
				VALIDATE_PRODUCT = YES;
			};
			name = Release;
		};
		07592B451F5E84E900986944 /* Debug */ = {
			isa = XCBuildConfiguration;
			baseConfigurationReference = 03E2778CE698BFEA55364A7B /* Pods-CanYou3.debug.xcconfig */;
			buildSettings = {
				ASSETCATALOG_COMPILER_APPICON_NAME = AppIcon;
				DEVELOPMENT_TEAM = RD94QKXJBK;
				INFOPLIST_FILE = CanYou3/Info.plist;
				LD_RUNPATH_SEARCH_PATHS = "$(inherited) @executable_path/Frameworks";
				PRODUCT_BUNDLE_IDENTIFIER = com.Eric.Park.CanYou3;
				PRODUCT_NAME = "$(TARGET_NAME)";
				SWIFT_VERSION = 3.0;
			};
			name = Debug;
		};
		07592B461F5E84E900986944 /* Release */ = {
			isa = XCBuildConfiguration;
			baseConfigurationReference = 07AD25EC08D8512FF8B598B5 /* Pods-CanYou3.release.xcconfig */;
			buildSettings = {
				ASSETCATALOG_COMPILER_APPICON_NAME = AppIcon;
				DEVELOPMENT_TEAM = RD94QKXJBK;
				INFOPLIST_FILE = CanYou3/Info.plist;
				LD_RUNPATH_SEARCH_PATHS = "$(inherited) @executable_path/Frameworks";
				PRODUCT_BUNDLE_IDENTIFIER = com.Eric.Park.CanYou3;
				PRODUCT_NAME = "$(TARGET_NAME)";
				SWIFT_VERSION = 3.0;
			};
			name = Release;
		};
		07592B481F5E84E900986944 /* Debug */ = {
			isa = XCBuildConfiguration;
			baseConfigurationReference = 07FBC6D75670EBE269409A2D /* Pods-CanYou3Tests.debug.xcconfig */;
			buildSettings = {
				ALWAYS_EMBED_SWIFT_STANDARD_LIBRARIES = YES;
				BUNDLE_LOADER = "$(TEST_HOST)";
				DEVELOPMENT_TEAM = RD94QKXJBK;
				INFOPLIST_FILE = CanYou3Tests/Info.plist;
				LD_RUNPATH_SEARCH_PATHS = "$(inherited) @executable_path/Frameworks @loader_path/Frameworks";
				PRODUCT_BUNDLE_IDENTIFIER = com.Eric.Park.CanYou3Tests;
				PRODUCT_NAME = "$(TARGET_NAME)";
				SWIFT_VERSION = 3.0;
				TEST_HOST = "$(BUILT_PRODUCTS_DIR)/CanYou3.app/CanYou3";
			};
			name = Debug;
		};
		07592B491F5E84E900986944 /* Release */ = {
			isa = XCBuildConfiguration;
			baseConfigurationReference = 29BDFCA2FA63E0BBCAEAFD54 /* Pods-CanYou3Tests.release.xcconfig */;
			buildSettings = {
				ALWAYS_EMBED_SWIFT_STANDARD_LIBRARIES = YES;
				BUNDLE_LOADER = "$(TEST_HOST)";
				DEVELOPMENT_TEAM = RD94QKXJBK;
				INFOPLIST_FILE = CanYou3Tests/Info.plist;
				LD_RUNPATH_SEARCH_PATHS = "$(inherited) @executable_path/Frameworks @loader_path/Frameworks";
				PRODUCT_BUNDLE_IDENTIFIER = com.Eric.Park.CanYou3Tests;
				PRODUCT_NAME = "$(TARGET_NAME)";
				SWIFT_VERSION = 3.0;
				TEST_HOST = "$(BUILT_PRODUCTS_DIR)/CanYou3.app/CanYou3";
			};
			name = Release;
		};
		07592B4B1F5E84E900986944 /* Debug */ = {
			isa = XCBuildConfiguration;
			baseConfigurationReference = 3E625675BEC52D33EFD7F15C /* Pods-CanYou3UITests.debug.xcconfig */;
			buildSettings = {
				ALWAYS_EMBED_SWIFT_STANDARD_LIBRARIES = YES;
				DEVELOPMENT_TEAM = RD94QKXJBK;
				INFOPLIST_FILE = CanYou3UITests/Info.plist;
				LD_RUNPATH_SEARCH_PATHS = "$(inherited) @executable_path/Frameworks @loader_path/Frameworks";
				PRODUCT_BUNDLE_IDENTIFIER = com.Eric.Park.CanYou3UITests;
				PRODUCT_NAME = "$(TARGET_NAME)";
				SWIFT_VERSION = 3.0;
				TEST_TARGET_NAME = CanYou3;
			};
			name = Debug;
		};
		07592B4C1F5E84E900986944 /* Release */ = {
			isa = XCBuildConfiguration;
			baseConfigurationReference = 96DC1D240AE41596372C41FF /* Pods-CanYou3UITests.release.xcconfig */;
			buildSettings = {
				ALWAYS_EMBED_SWIFT_STANDARD_LIBRARIES = YES;
				DEVELOPMENT_TEAM = RD94QKXJBK;
				INFOPLIST_FILE = CanYou3UITests/Info.plist;
				LD_RUNPATH_SEARCH_PATHS = "$(inherited) @executable_path/Frameworks @loader_path/Frameworks";
				PRODUCT_BUNDLE_IDENTIFIER = com.Eric.Park.CanYou3UITests;
				PRODUCT_NAME = "$(TARGET_NAME)";
				SWIFT_VERSION = 3.0;
				TEST_TARGET_NAME = CanYou3;
			};
			name = Release;
		};
/* End XCBuildConfiguration section */

/* Begin XCConfigurationList section */
		07592B171F5E84E900986944 /* Build configuration list for PBXProject "CanYou3" */ = {
			isa = XCConfigurationList;
			buildConfigurations = (
				07592B421F5E84E900986944 /* Debug */,
				07592B431F5E84E900986944 /* Release */,
			);
			defaultConfigurationIsVisible = 0;
			defaultConfigurationName = Release;
		};
		07592B441F5E84E900986944 /* Build configuration list for PBXNativeTarget "CanYou3" */ = {
			isa = XCConfigurationList;
			buildConfigurations = (
				07592B451F5E84E900986944 /* Debug */,
				07592B461F5E84E900986944 /* Release */,
			);
			defaultConfigurationIsVisible = 0;
			defaultConfigurationName = Release;
		};
		07592B471F5E84E900986944 /* Build configuration list for PBXNativeTarget "CanYou3Tests" */ = {
			isa = XCConfigurationList;
			buildConfigurations = (
				07592B481F5E84E900986944 /* Debug */,
				07592B491F5E84E900986944 /* Release */,
			);
			defaultConfigurationIsVisible = 0;
			defaultConfigurationName = Release;
		};
		07592B4A1F5E84E900986944 /* Build configuration list for PBXNativeTarget "CanYou3UITests" */ = {
			isa = XCConfigurationList;
			buildConfigurations = (
				07592B4B1F5E84E900986944 /* Debug */,
				07592B4C1F5E84E900986944 /* Release */,
			);
			defaultConfigurationIsVisible = 0;
			defaultConfigurationName = Release;
		};
/* End XCConfigurationList section */

/* Begin XCVersionGroup section */
		076A5A101F66C1FB00BCB8F9 /* CanYou3.xcdatamodeld */ = {
			isa = XCVersionGroup;
			children = (
				076A5A111F66C1FB00BCB8F9 /* CanYou3.xcdatamodel */,
			);
			currentVersion = 076A5A111F66C1FB00BCB8F9 /* CanYou3.xcdatamodel */;
			path = CanYou3.xcdatamodeld;
			sourceTree = "<group>";
			versionGroupType = wrapper.xcdatamodel;
		};
/* End XCVersionGroup section */
	};
	rootObject = 07592B141F5E84E900986944 /* Project object */;
}
