PODS:
  - GTProgressBar (0.2.0)
  - Hero (1.1.0)
  - LTMorphingLabel (0.5.3)
  - PMSuperButton (1.0.0)
  - Then (2.1.0)

DEPENDENCIES:
  - GTProgressBar
  - Hero
  - LTMorphingLabel
  - PMSuperButton (~> 1.0)
  - Then

SPEC CHECKSUMS:
  GTProgressBar: 5db7054f6069100d871cde5a3149eb708fc348c5
  Hero: ce59e81c79390613d97b43da7179e2c5e1017e04
  LTMorphingLabel: b85b6c1c5d0c4203e22f8d3dca722546f67b8410
  PMSuperButton: e107f6817c0e001155af6cfce24da6a708cd8215
  Then: 8496793c8fcac95482b943909b440724c7d8d82c

PODFILE CHECKSUM: 7c311d350e06aae624266f364cabd48bbce7350e

COCOAPODS: 1.4.0
